
Microsoft Visual Studio Solution File, Format Version 12.00
# Visual Studio Version 16
VisualStudioVersion = 16.0.32510.428
MinimumVisualStudioVersion = 10.0.40219.1
Project("{9A19103F-16F7-4668-BE54-9A1E7A4F7556}") = "BankingApplication.CommonLayer", "BankingApplication.CommonLayer\BankingApplication.CommonLayer.csproj", "{C6274D45-9BCC-41D8-BF8E-73E9A4C41BE3}"
EndProject
Project("{9A19103F-16F7-4668-BE54-9A1E7A4F7556}") = "BankingApplication.BusinessLayer", "BankingApplication.BusinessLayer\BankingApplication.BusinessLayer.csproj", "{871D3FB2-4738-488E-BA69-B6675A1C4AA2}"
EndProject
Project("{9A19103F-16F7-4668-BE54-9A1E7A4F7556}") = "BankingApplication.DataLayer", "BankingApplication.DataLayer\BankingApplication.DataLayer.csproj", "{AD84A0ED-5DC8-4290-B45D-BA850F7C297F}"
EndProject
Project("{9A19103F-16F7-4668-BE54-9A1E7A4F7556}") = "BankingApplication.ConsoleApp", "BankingApplication.ConsoleApp\BankingApplication.ConsoleApp.csproj", "{B788B943-6E71-4E75-AEE0-79801D27CDE6}"
EndProject
Project("{9A19103F-16F7-4668-BE54-9A1E7A4F7556}") = "BankingApplication.WebApp", "BankingApplication.WebApp\BankingApplication.WebApp.csproj", "{7394F568-3FCA-4596-ADEE-22DB56DECA19}"
EndProject
Project("{9A19103F-16F7-4668-BE54-9A1E7A4F7556}") = "BankingApplication.EFLayer", "BankingApplication.EFLayer\BankingApplication.EFLayer.csproj", "{E1110611-1986-47B0-97FD-A4991BA0B28A}"
EndProject
Project("{FAE04EC0-301F-11D3-BF4B-00C04F79EFBC}") = "BankingApplication.WebServices", "BankingApplication.WebServices\BankingApplication.WebServices.csproj", "{69C37D49-37AD-46F2-89A2-64EDB577447E}"
EndProject
Global
	GlobalSection(SolutionConfigurationPlatforms) = preSolution
		Debug|Any CPU = Debug|Any CPU
		Release|Any CPU = Release|Any CPU
	EndGlobalSection
	GlobalSection(ProjectConfigurationPlatforms) = postSolution
		{C6274D45-9BCC-41D8-BF8E-73E9A4C41BE3}.Debug|Any CPU.ActiveCfg = Debug|Any CPU
		{C6274D45-9BCC-41D8-BF8E-73E9A4C41BE3}.Debug|Any CPU.Build.0 = Debug|Any CPU
		{C6274D45-9BCC-41D8-BF8E-73E9A4C41BE3}.Release|Any CPU.ActiveCfg = Release|Any CPU
		{C6274D45-9BCC-41D8-BF8E-73E9A4C41BE3}.Release|Any CPU.Build.0 = Release|Any CPU
		{871D3FB2-4738-488E-BA69-B6675A1C4AA2}.Debug|Any CPU.ActiveCfg = Debug|Any CPU
		{871D3FB2-4738-488E-BA69-B6675A1C4AA2}.Debug|Any CPU.Build.0 = Debug|Any CPU
		{871D3FB2-4738-488E-BA69-B6675A1C4AA2}.Release|Any CPU.ActiveCfg = Release|Any CPU
		{871D3FB2-4738-488E-BA69-B6675A1C4AA2}.Release|Any CPU.Build.0 = Release|Any CPU
		{AD84A0ED-5DC8-4290-B45D-BA850F7C297F}.Debug|Any CPU.ActiveCfg = Debug|Any CPU
		{AD84A0ED-5DC8-4290-B45D-BA850F7C297F}.Debug|Any CPU.Build.0 = Debug|Any CPU
		{AD84A0ED-5DC8-4290-B45D-BA850F7C297F}.Release|Any CPU.ActiveCfg = Release|Any CPU
		{AD84A0ED-5DC8-4290-B45D-BA850F7C297F}.Release|Any CPU.Build.0 = Release|Any CPU
		{B788B943-6E71-4E75-AEE0-79801D27CDE6}.Debug|Any CPU.ActiveCfg = Debug|Any CPU
		{B788B943-6E71-4E75-AEE0-79801D27CDE6}.Debug|Any CPU.Build.0 = Debug|Any CPU
		{B788B943-6E71-4E75-AEE0-79801D27CDE6}.Release|Any CPU.ActiveCfg = Release|Any CPU
		{B788B943-6E71-4E75-AEE0-79801D27CDE6}.Release|Any CPU.Build.0 = Release|Any CPU
		{7394F568-3FCA-4596-ADEE-22DB56DECA19}.Debug|Any CPU.ActiveCfg = Debug|Any CPU
		{7394F568-3FCA-4596-ADEE-22DB56DECA19}.Debug|Any CPU.Build.0 = Debug|Any CPU
		{7394F568-3FCA-4596-ADEE-22DB56DECA19}.Release|Any CPU.ActiveCfg = Release|Any CPU
		{7394F568-3FCA-4596-ADEE-22DB56DECA19}.Release|Any CPU.Build.0 = Release|Any CPU
		{E1110611-1986-47B0-97FD-A4991BA0B28A}.Debug|Any CPU.ActiveCfg = Debug|Any CPU
		{E1110611-1986-47B0-97FD-A4991BA0B28A}.Debug|Any CPU.Build.0 = Debug|Any CPU
		{E1110611-1986-47B0-97FD-A4991BA0B28A}.Release|Any CPU.ActiveCfg = Release|Any CPU
		{E1110611-1986-47B0-97FD-A4991BA0B28A}.Release|Any CPU.Build.0 = Release|Any CPU
		{69C37D49-37AD-46F2-89A2-64EDB577447E}.Debug|Any CPU.ActiveCfg = Debug|Any CPU
		{69C37D49-37AD-46F2-89A2-64EDB577447E}.Debug|Any CPU.Build.0 = Debug|Any CPU
		{69C37D49-37AD-46F2-89A2-64EDB577447E}.Release|Any CPU.ActiveCfg = Release|Any CPU
		{69C37D49-37AD-46F2-89A2-64EDB577447E}.Release|Any CPU.Build.0 = Release|Any CPU
	EndGlobalSection
	GlobalSection(SolutionProperties) = preSolution
		HideSolutionNode = FALSE
	EndGlobalSection
	GlobalSection(ExtensibilityGlobals) = postSolution
		SolutionGuid = {436E12DC-D2AC-4723-A611-D3E00554B66E}
	EndGlobalSection
EndGlobal
